# Generated by buf. DO NOT EDIT.
version: v2
deps:
  - name: buf.build/cosmos/cosmos-proto
    commit: 04467658e59e44bbb22fe568206e1f70
    digest: b5:8058c0aadbee8c9af67a9cefe86492c6c0b0bd5b4526b0ec820507b91fc9b0b5efbebca97331854576d2d279b0b3f5ed6a7abb0640cb640c4186532239c48fc4
  - name: buf.build/cosmos/cosmos-sdk
    commit: 34ac2e8322d44db08830e553ad21b93c
    digest: b5:381f54c53f533c6ff074a440a4635af5ac4041eb6533c8234b5395465a209b1ecd2722a004f198bcdde77346e0eb789e56213364bf28600619b86a314719ddfb
  - name: buf.build/cosmos/gogo-proto
    commit: 88ef6483f90f478fb938c37dde52ece3
    digest: b5:f0c69202c9bca9672dc72a9737ea9bc83744daaed2b3da77e3a95b0e53b86dee76b5a7405b993181d6c863fd64afaca0976a302f700d6c4912eb1692a1782c0a
  - name: buf.build/googleapis/googleapis
    commit: c17df5b2beca46928cc87d5656bd5343
    digest: b5:648a01e0170d4512dea7d564016165decd1ed6e34bef79fe54753e51ad7e27545709ad9157d7551270147d551155c595a2fb0bf5bb33b1c83040ddbce915c604
  - name: buf.build/protocolbuffers/wellknowntypes
    commit: 9d16d599a978406980f6e2f081331a93
    digest: b5:dd06e497a5c52f5ddf6ec02b3c7d289cc6c0432093fc2f6bf7a4fb5fae786c3e4c893e55d2759ffb6833268daf3de0bce303a406fed15725790528f2c27dc219
