# Generated by buf. DO NOT EDIT.
version: v1
deps:
  - remote: buf.build
    owner: cosmos
    repository: cosmos-proto
    commit: 04467658e59e44bbb22fe568206e1f70
    digest: shake256:73a640bd60e0c523b0f8237ff34eab67c45a38b64bbbde1d80224819d272dbf316ac183526bd245f994af6608b025f5130483d0133c5edd385531326b5990466
  - remote: buf.build
    owner: cosmos
    repository: cosmos-sdk
    commit: 5a6ab7bc14314acaa912d5e53aef1c2f
    digest: shake256:02c00c73493720055f9b57553a35b5550023a3c1914123b247956288a78fb913aff70e66552777ae14d759467e119079d484af081264a5dd607a94d9fbc8116b
  - remote: buf.build
    owner: cosmos
    repository: gogo-proto
    commit: 88ef6483f90f478fb938c37dde52ece3
    digest: shake256:89c45df2aa11e0cff97b0d695436713db3d993d76792e9f8dc1ae90e6ab9a9bec55503d48ceedd6b86069ab07d3041b32001b2bfe0227fa725dd515ff381e5ba
  - remote: buf.build
    owner: googleapis
    repository: googleapis
    commit: 83c0f6c19b2f4ea0b0fd84a80e753659
    digest: shake256:20e034fe1562d2ef4137cd7822344d4c29cff8130e112a16e44bc3102be688e9134fae531ec1de7ae18dd660160649db28d160b006c9c70964e3f72a60dc47e3
